{
  "originHash" : "f12f4950431ea1608b096d0c5b99b9c1d94d2a07d7f7a4a6b6b8764570f078bd",
  "pins" : [
    {
      "identity" : "swift-log",
      "kind" : "remoteSourceControl",
      "location" : "https://github.com/apple/swift-log",
      "state" : {
        "revision" : "b1fa4ef41fe21b13120c034854042d12c43f66b2",
        "version" : "1.7.1"
      }
    }
  ],
  "version" : 3
}
